// !$*UTF8*$!
{
	archiveVersion = 1;
	classes = {
	};
	objectVersion = 46;
	objects = {

/* Begin PBXBuildFile section */
		8420023212E829A200E1E9CE /* OsiriXAPI.framework in Frameworks */ = {isa = PBXBuildFile; fileRef = 8420023112E829A200E1E9CE /* OsiriXAPI.framework */; settings = {ATTRIBUTES = (Weak, ); }; };
		8D5B49B0048680CD000E48DA /* InfoPlist.strings in Resources */ = {isa = PBXBuildFile; fileRef = 089C167DFE841241C02AAC07 /* InfoPlist.strings */; };
		8D5B49B4048680CD000E48DA /* Cocoa.framework in Frameworks */ = {isa = PBXBuildFile; fileRef = 1058C7ADFEA557BF11CA2CBB /* Cocoa.framework */; };
		F58205001DDCB3E800BCC3CA /* CorePlot.framework in CopyFiles */ = {isa = PBXBuildFile; fileRef = F58204F01DDCB3AD00BCC3CA /* CorePlot.framework */; settings = {ATTRIBUTES = (CodeSignOnCopy, RemoveHeadersOnCopy, ); }; };
		F58205011DDCB40200BCC3CA /* CorePlot.framework in Frameworks */ = {isa = PBXBuildFile; fileRef = F58204F01DDCB3AD00BCC3CA /* CorePlot.framework */; };
		F58205061DDCB53900BCC3CA /* BlandAltman_Prefix.pch in Headers */ = {isa = PBXBuildFile; fileRef = F58205051DDCB53900BCC3CA /* BlandAltman_Prefix.pch */; };
		F58205281DDCBA4A00BCC3CA /* QuartzCore.framework in Frameworks */ = {isa = PBXBuildFile; fileRef = F58205271DDCBA4A00BCC3CA /* QuartzCore.framework */; };
		F58205381DDCBEB300BCC3CA /* CorePlot.framework in Frameworks */ = {isa = PBXBuildFile; fileRef = F58205371DDCBEB300BCC3CA /* CorePlot.framework */; };
		F582CF941DE2FAB300725ABA /* PlotWindow.xib in Resources */ = {isa = PBXBuildFile; fileRef = F582CF931DE2FAB300725ABA /* PlotWindow.xib */; };
		F582CF9A1DE2FF1400725ABA /* PlotViewerController.h in Headers */ = {isa = PBXBuildFile; fileRef = F582CF981DE2FF1400725ABA /* PlotViewerController.h */; };
		F582CF9B1DE2FF1400725ABA /* PlotViewerController.m in Sources */ = {isa = PBXBuildFile; fileRef = F582CF991DE2FF1400725ABA /* PlotViewerController.m */; };
		F582CF9D1DE30A9400725ABA /* PlotView.xib in Resources */ = {isa = PBXBuildFile; fileRef = F582CF9C1DE30A9400725ABA /* PlotView.xib */; };
		F582CFA11DE336A500725ABA /* BlandAltmanFilter.h in Headers */ = {isa = PBXBuildFile; fileRef = F582CF9F1DE336A500725ABA /* BlandAltmanFilter.h */; };
		F582CFA21DE336A500725ABA /* BlandAltmanFilter.m in Sources */ = {isa = PBXBuildFile; fileRef = F582CFA01DE336A500725ABA /* BlandAltmanFilter.m */; };
		F5F91E301DE356B500206E32 /* BlandAltmanDataClass.h in Headers */ = {isa = PBXBuildFile; fileRef = F5F91E2E1DE356B500206E32 /* BlandAltmanDataClass.h */; };
		F5F91E311DE356B500206E32 /* BlandAltmanDataClass.m in Sources */ = {isa = PBXBuildFile; fileRef = F5F91E2F1DE356B500206E32 /* BlandAltmanDataClass.m */; };
/* End PBXBuildFile section */

/* Begin PBXContainerItemProxy section */
		F58204EF1DDCB3AD00BCC3CA /* PBXContainerItemProxy */ = {
			isa = PBXContainerItemProxy;
			containerPortal = F58204DF1DDCB3AD00BCC3CA /* CorePlot.xcodeproj */;
			proxyType = 2;
			remoteGlobalIDString = 8DC2EF5B0486A6940098B216;
			remoteInfo = "CorePlot Mac";
		};
		F58204F11DDCB3AD00BCC3CA /* PBXContainerItemProxy */ = {
			isa = PBXContainerItemProxy;
			containerPortal = F58204DF1DDCB3AD00BCC3CA /* CorePlot.xcodeproj */;
			proxyType = 2;
			remoteGlobalIDString = 0730F600109492D800E95162;
			remoteInfo = "UnitTests Mac";
		};
		F58204F31DDCB3AD00BCC3CA /* PBXContainerItemProxy */ = {
			isa = PBXContainerItemProxy;
			containerPortal = F58204DF1DDCB3AD00BCC3CA /* CorePlot.xcodeproj */;
			proxyType = 2;
			remoteGlobalIDString = C38A09781A46185200D45436;
			remoteInfo = "CorePlot iOS";
		};
		F58204F51DDCB3AD00BCC3CA /* PBXContainerItemProxy */ = {
			isa = PBXContainerItemProxy;
			containerPortal = F58204DF1DDCB3AD00BCC3CA /* CorePlot.xcodeproj */;
			proxyType = 2;
			remoteGlobalIDString = C38A09821A46185300D45436;
			remoteInfo = "UnitTests iOS";
		};
		F58204F71DDCB3AD00BCC3CA /* PBXContainerItemProxy */ = {
			isa = PBXContainerItemProxy;
			containerPortal = F58204DF1DDCB3AD00BCC3CA /* CorePlot.xcodeproj */;
			proxyType = 2;
			remoteGlobalIDString = C38A09BA1A4619A900D45436;
			remoteInfo = "CorePlot-CocoaTouch";
		};
		F58204F91DDCB3AD00BCC3CA /* PBXContainerItemProxy */ = {
			isa = PBXContainerItemProxy;
			containerPortal = F58204DF1DDCB3AD00BCC3CA /* CorePlot.xcodeproj */;
			proxyType = 2;
			remoteGlobalIDString = C38A09C41A4619A900D45436;
			remoteInfo = "CorePlot-CocoaTouchTests";
		};
		F58204FB1DDCB3AD00BCC3CA /* PBXContainerItemProxy */ = {
			isa = PBXContainerItemProxy;
			containerPortal = F58204DF1DDCB3AD00BCC3CA /* CorePlot.xcodeproj */;
			proxyType = 2;
			remoteGlobalIDString = C37EA6921BC83F2A0091C8F7;
			remoteInfo = "CorePlot tvOS";
		};
		F58204FD1DDCB3AD00BCC3CA /* PBXContainerItemProxy */ = {
			isa = PBXContainerItemProxy;
			containerPortal = F58204DF1DDCB3AD00BCC3CA /* CorePlot.xcodeproj */;
			proxyType = 2;
			remoteGlobalIDString = C37EA6B71BC83F2D0091C8F7;
			remoteInfo = "UnitTests tvOS";
		};
/* End PBXContainerItemProxy section */

/* Begin PBXCopyFilesBuildPhase section */
		F58204FF1DDCB3DB00BCC3CA /* CopyFiles */ = {
			isa = PBXCopyFilesBuildPhase;
			buildActionMask = 2147483647;
			dstPath = "";
			dstSubfolderSpec = 10;
			files = (
				F58205001DDCB3E800BCC3CA /* CorePlot.framework in CopyFiles */,
			);
			runOnlyForDeploymentPostprocessing = 0;
		};
/* End PBXCopyFilesBuildPhase section */

/* Begin PBXFileReference section */
		089C1672FE841209C02AAC07 /* Foundation.framework */ = {isa = PBXFileReference; lastKnownFileType = wrapper.framework; name = Foundation.framework; path = /System/Library/Frameworks/Foundation.framework; sourceTree = "<absolute>"; };
		089C167EFE841241C02AAC07 /* English */ = {isa = PBXFileReference; fileEncoding = 10; lastKnownFileType = text.plist.strings; name = English; path = English.lproj/InfoPlist.strings; sourceTree = "<group>"; };
		089C167FFE841241C02AAC07 /* AppKit.framework */ = {isa = PBXFileReference; lastKnownFileType = wrapper.framework; name = AppKit.framework; path = /System/Library/Frameworks/AppKit.framework; sourceTree = "<absolute>"; };
		1058C7ADFEA557BF11CA2CBB /* Cocoa.framework */ = {isa = PBXFileReference; lastKnownFileType = wrapper.framework; name = Cocoa.framework; path = /System/Library/Frameworks/Cocoa.framework; sourceTree = "<absolute>"; };
		8420023112E829A200E1E9CE /* OsiriXAPI.framework */ = {isa = PBXFileReference; lastKnownFileType = wrapper.framework; path = OsiriXAPI.framework; sourceTree = "<group>"; };
		8D5B49B7048680CD000E48DA /* Info.plist */ = {isa = PBXFileReference; fileEncoding = 4; lastKnownFileType = text.plist.xml; path = Info.plist; sourceTree = "<group>"; };
		AB5D36050680E57E00F4007A /* BlandAltman.osirixplugin */ = {isa = PBXFileReference; explicitFileType = wrapper.cfbundle; includeInIndex = 0; path = BlandAltman.osirixplugin; sourceTree = BUILT_PRODUCTS_DIR; };
		F58204DF1DDCB3AD00BCC3CA /* CorePlot.xcodeproj */ = {isa = PBXFileReference; lastKnownFileType = "wrapper.pb-project"; name = CorePlot.xcodeproj; path = "../core-plot/framework/CorePlot.xcodeproj"; sourceTree = "<group>"; };
		F58205031DDCB4F100BCC3CA /* Cocoa.framework */ = {isa = PBXFileReference; lastKnownFileType = wrapper.framework; name = Cocoa.framework; path = System/Library/Frameworks/Cocoa.framework; sourceTree = SDKROOT; };
		F58205051DDCB53900BCC3CA /* BlandAltman_Prefix.pch */ = {isa = PBXFileReference; fileEncoding = 4; lastKnownFileType = sourcecode.c.h; path = BlandAltman_Prefix.pch; sourceTree = "<group>"; };
		F58205271DDCBA4A00BCC3CA /* QuartzCore.framework */ = {isa = PBXFileReference; lastKnownFileType = wrapper.framework; name = QuartzCore.framework; path = System/Library/Frameworks/QuartzCore.framework; sourceTree = SDKROOT; };
		F58205371DDCBEB300BCC3CA /* CorePlot.framework */ = {isa = PBXFileReference; lastKnownFileType = wrapper.framework; name = CorePlot.framework; path = "../core-plot/build/Debug/CorePlot.framework"; sourceTree = "<group>"; };
		F582CF931DE2FAB300725ABA /* PlotWindow.xib */ = {isa = PBXFileReference; fileEncoding = 4; lastKnownFileType = file.xib; path = PlotWindow.xib; sourceTree = "<group>"; };
		F582CF981DE2FF1400725ABA /* PlotViewerController.h */ = {isa = PBXFileReference; fileEncoding = 4; lastKnownFileType = sourcecode.c.h; path = PlotViewerController.h; sourceTree = "<group>"; };
		F582CF991DE2FF1400725ABA /* PlotViewerController.m */ = {isa = PBXFileReference; fileEncoding = 4; lastKnownFileType = sourcecode.c.objc; path = PlotViewerController.m; sourceTree = "<group>"; };
		F582CF9C1DE30A9400725ABA /* PlotView.xib */ = {isa = PBXFileReference; fileEncoding = 4; lastKnownFileType = file.xib; path = PlotView.xib; sourceTree = "<group>"; };
		F582CF9F1DE336A500725ABA /* BlandAltmanFilter.h */ = {isa = PBXFileReference; fileEncoding = 4; lastKnownFileType = sourcecode.c.h; path = BlandAltmanFilter.h; sourceTree = "<group>"; };
		F582CFA01DE336A500725ABA /* BlandAltmanFilter.m */ = {isa = PBXFileReference; fileEncoding = 4; lastKnownFileType = sourcecode.c.objc; path = BlandAltmanFilter.m; sourceTree = "<group>"; };
		F5F91E2E1DE356B500206E32 /* BlandAltmanDataClass.h */ = {isa = PBXFileReference; fileEncoding = 4; lastKnownFileType = sourcecode.c.h; path = BlandAltmanDataClass.h; sourceTree = "<group>"; };
		F5F91E2F1DE356B500206E32 /* BlandAltmanDataClass.m */ = {isa = PBXFileReference; fileEncoding = 4; lastKnownFileType = sourcecode.c.objc; path = BlandAltmanDataClass.m; sourceTree = "<group>"; };
/* End PBXFileReference section */

/* Begin PBXFrameworksBuildPhase section */
		8D5B49B3048680CD000E48DA /* Frameworks */ = {
			isa = PBXFrameworksBuildPhase;
			buildActionMask = 2147483647;
			files = (
				8D5B49B4048680CD000E48DA /* Cocoa.framework in Frameworks */,
				F58205281DDCBA4A00BCC3CA /* QuartzCore.framework in Frameworks */,
				F58205011DDCB40200BCC3CA /* CorePlot.framework in Frameworks */,
				F58205381DDCBEB300BCC3CA /* CorePlot.framework in Frameworks */,
				8420023212E829A200E1E9CE /* OsiriXAPI.framework in Frameworks */,
			);
			runOnlyForDeploymentPostprocessing = 0;
		};
/* End PBXFrameworksBuildPhase section */

/* Begin PBXGroup section */
		089C166AFE841209C02AAC07 /* MyNewPlugin */ = {
			isa = PBXGroup;
			children = (
				F58204DF1DDCB3AD00BCC3CA /* CorePlot.xcodeproj */,
				08FB77AFFE84173DC02AAC07 /* Classes */,
				32C88E010371C26100C91783 /* Other Sources */,
				089C167CFE841241C02AAC07 /* Resources */,
				089C1671FE841209C02AAC07 /* Frameworks and Libraries */,
				19C28FB8FE9D52D311CA2CBB /* Products */,
				F58205021DDCB4F100BCC3CA /* Frameworks */,
			);
			name = MyNewPlugin;
			sourceTree = "<group>";
		};
		089C1671FE841209C02AAC07 /* Frameworks and Libraries */ = {
			isa = PBXGroup;
			children = (
				F58205371DDCBEB300BCC3CA /* CorePlot.framework */,
				F58205271DDCBA4A00BCC3CA /* QuartzCore.framework */,
				F58205031DDCB4F100BCC3CA /* Cocoa.framework */,
				8420023112E829A200E1E9CE /* OsiriXAPI.framework */,
				1058C7ACFEA557BF11CA2CBB /* Linked Frameworks */,
				1058C7AEFEA557BF11CA2CBB /* Other Frameworks */,
			);
			name = "Frameworks and Libraries";
			sourceTree = "<group>";
		};
		089C167CFE841241C02AAC07 /* Resources */ = {
			isa = PBXGroup;
			children = (
				8D5B49B7048680CD000E48DA /* Info.plist */,
				089C167DFE841241C02AAC07 /* InfoPlist.strings */,
				F582CF931DE2FAB300725ABA /* PlotWindow.xib */,
				F582CF9C1DE30A9400725ABA /* PlotView.xib */,
			);
			name = Resources;
			sourceTree = "<group>";
		};
		08FB77AFFE84173DC02AAC07 /* Classes */ = {
			isa = PBXGroup;
			children = (
				F582CF9F1DE336A500725ABA /* BlandAltmanFilter.h */,
				F582CFA01DE336A500725ABA /* BlandAltmanFilter.m */,
				F582CF981DE2FF1400725ABA /* PlotViewerController.h */,
				F582CF991DE2FF1400725ABA /* PlotViewerController.m */,
				F5F91E2E1DE356B500206E32 /* BlandAltmanDataClass.h */,
				F5F91E2F1DE356B500206E32 /* BlandAltmanDataClass.m */,
			);
			name = Classes;
			sourceTree = "<group>";
		};
		1058C7ACFEA557BF11CA2CBB /* Linked Frameworks */ = {
			isa = PBXGroup;
			children = (
				1058C7ADFEA557BF11CA2CBB /* Cocoa.framework */,
			);
			name = "Linked Frameworks";
			sourceTree = "<group>";
		};
		1058C7AEFEA557BF11CA2CBB /* Other Frameworks */ = {
			isa = PBXGroup;
			children = (
				089C1672FE841209C02AAC07 /* Foundation.framework */,
				089C167FFE841241C02AAC07 /* AppKit.framework */,
			);
			name = "Other Frameworks";
			sourceTree = "<group>";
		};
		19C28FB8FE9D52D311CA2CBB /* Products */ = {
			isa = PBXGroup;
			children = (
				AB5D36050680E57E00F4007A /* BlandAltman.osirixplugin */,
			);
			name = Products;
			sourceTree = "<group>";
		};
		32C88E010371C26100C91783 /* Other Sources */ = {
			isa = PBXGroup;
			children = (
				F58205051DDCB53900BCC3CA /* BlandAltman_Prefix.pch */,
			);
			name = "Other Sources";
			sourceTree = "<group>";
		};
		F58204E01DDCB3AD00BCC3CA /* Products */ = {
			isa = PBXGroup;
			children = (
				F58204F01DDCB3AD00BCC3CA /* CorePlot.framework */,
				F58204F21DDCB3AD00BCC3CA /* UnitTests.xctest */,
				F58204F41DDCB3AD00BCC3CA /* CorePlot.framework */,
				F58204F61DDCB3AD00BCC3CA /* UnitTests iOS.xctest */,
				F58204F81DDCB3AD00BCC3CA /* libCorePlot-CocoaTouch.a */,
				F58204FA1DDCB3AD00BCC3CA /* CorePlot-CocoaTouchTests.xctest */,
				F58204FC1DDCB3AD00BCC3CA /* CorePlot.framework */,
				F58204FE1DDCB3AD00BCC3CA /* UnitTests tvOS.xctest */,
			);
			name = Products;
			sourceTree = "<group>";
		};
		F58205021DDCB4F100BCC3CA /* Frameworks */ = {
			isa = PBXGroup;
			children = (
			);
			name = Frameworks;
			sourceTree = "<group>";
		};
/* End PBXGroup section */

/* Begin PBXHeadersBuildPhase section */
		8D5B49AD048680CD000E48DA /* Headers */ = {
			isa = PBXHeadersBuildPhase;
			buildActionMask = 2147483647;
			files = (
				F582CF9A1DE2FF1400725ABA /* PlotViewerController.h in Headers */,
				F582CFA11DE336A500725ABA /* BlandAltmanFilter.h in Headers */,
				F5F91E301DE356B500206E32 /* BlandAltmanDataClass.h in Headers */,
				F58205061DDCB53900BCC3CA /* BlandAltman_Prefix.pch in Headers */,
			);
			runOnlyForDeploymentPostprocessing = 0;
		};
/* End PBXHeadersBuildPhase section */

/* Begin PBXNativeTarget section */
		8D5B49AC048680CD000E48DA /* BlandAltman */ = {
			isa = PBXNativeTarget;
			buildConfigurationList = CE6A9A9008AC841300D0C1EE /* Build configuration list for PBXNativeTarget "BlandAltman" */;
			buildPhases = (
				8D5B49AD048680CD000E48DA /* Headers */,
				8D5B49AF048680CD000E48DA /* Resources */,
				8D5B49B1048680CD000E48DA /* Sources */,
				8D5B49B3048680CD000E48DA /* Frameworks */,
				8D5B49B5048680CD000E48DA /* Rez */,
				F58204FF1DDCB3DB00BCC3CA /* CopyFiles */,
			);
			buildRules = (
			);
			dependencies = (
			);
			name = BlandAltman;
			productInstallPath = "$(HOME)/Library/Bundles";
			productName = Invert;
			productReference = AB5D36050680E57E00F4007A /* BlandAltman.osirixplugin */;
			productType = "com.apple.product-type.bundle";
		};
/* End PBXNativeTarget section */

/* Begin PBXProject section */
		089C1669FE841209C02AAC07 /* Project object */ = {
			isa = PBXProject;
			attributes = {
			};
			buildConfigurationList = CE6A9A9408AC841300D0C1EE /* Build configuration list for PBXProject "BlandAltman" */;
			compatibilityVersion = "Xcode 3.2";
			developmentRegion = English;
			hasScannedForEncodings = 1;
			knownRegions = (
				English,
				Japanese,
				French,
				German,
			);
			mainGroup = 089C166AFE841209C02AAC07 /* MyNewPlugin */;
			projectDirPath = "";
			projectReferences = (
				{
					ProductGroup = F58204E01DDCB3AD00BCC3CA /* Products */;
					ProjectRef = F58204DF1DDCB3AD00BCC3CA /* CorePlot.xcodeproj */;
				},
			);
			projectRoot = "";
			targets = (
				8D5B49AC048680CD000E48DA /* BlandAltman */,
			);
		};
/* End PBXProject section */

/* Begin PBXReferenceProxy section */
		F58204F01DDCB3AD00BCC3CA /* CorePlot.framework */ = {
			isa = PBXReferenceProxy;
			fileType = wrapper.framework;
			path = CorePlot.framework;
			remoteRef = F58204EF1DDCB3AD00BCC3CA /* PBXContainerItemProxy */;
			sourceTree = BUILT_PRODUCTS_DIR;
		};
		F58204F21DDCB3AD00BCC3CA /* UnitTests.xctest */ = {
			isa = PBXReferenceProxy;
			fileType = wrapper.cfbundle;
			path = UnitTests.xctest;
			remoteRef = F58204F11DDCB3AD00BCC3CA /* PBXContainerItemProxy */;
			sourceTree = BUILT_PRODUCTS_DIR;
		};
		F58204F41DDCB3AD00BCC3CA /* CorePlot.framework */ = {
			isa = PBXReferenceProxy;
			fileType = wrapper.framework;
			path = CorePlot.framework;
			remoteRef = F58204F31DDCB3AD00BCC3CA /* PBXContainerItemProxy */;
			sourceTree = BUILT_PRODUCTS_DIR;
		};
		F58204F61DDCB3AD00BCC3CA /* UnitTests iOS.xctest */ = {
			isa = PBXReferenceProxy;
			fileType = wrapper.cfbundle;
			path = "UnitTests iOS.xctest";
			remoteRef = F58204F51DDCB3AD00BCC3CA /* PBXContainerItemProxy */;
			sourceTree = BUILT_PRODUCTS_DIR;
		};
		F58204F81DDCB3AD00BCC3CA /* libCorePlot-CocoaTouch.a */ = {
			isa = PBXReferenceProxy;
			fileType = archive.ar;
			path = "libCorePlot-CocoaTouch.a";
			remoteRef = F58204F71DDCB3AD00BCC3CA /* PBXContainerItemProxy */;
			sourceTree = BUILT_PRODUCTS_DIR;
		};
		F58204FA1DDCB3AD00BCC3CA /* CorePlot-CocoaTouchTests.xctest */ = {
			isa = PBXReferenceProxy;
			fileType = wrapper.cfbundle;
			path = "CorePlot-CocoaTouchTests.xctest";
			remoteRef = F58204F91DDCB3AD00BCC3CA /* PBXContainerItemProxy */;
			sourceTree = BUILT_PRODUCTS_DIR;
		};
		F58204FC1DDCB3AD00BCC3CA /* CorePlot.framework */ = {
			isa = PBXReferenceProxy;
			fileType = wrapper.framework;
			path = CorePlot.framework;
			remoteRef = F58204FB1DDCB3AD00BCC3CA /* PBXContainerItemProxy */;
			sourceTree = BUILT_PRODUCTS_DIR;
		};
		F58204FE1DDCB3AD00BCC3CA /* UnitTests tvOS.xctest */ = {
			isa = PBXReferenceProxy;
			fileType = wrapper.cfbundle;
			path = "UnitTests tvOS.xctest";
			remoteRef = F58204FD1DDCB3AD00BCC3CA /* PBXContainerItemProxy */;
			sourceTree = BUILT_PRODUCTS_DIR;
		};
/* End PBXReferenceProxy section */

/* Begin PBXResourcesBuildPhase section */
		8D5B49AF048680CD000E48DA /* Resources */ = {
			isa = PBXResourcesBuildPhase;
			buildActionMask = 2147483647;
			files = (
				F582CF9D1DE30A9400725ABA /* PlotView.xib in Resources */,
				F582CF941DE2FAB300725ABA /* PlotWindow.xib in Resources */,
				8D5B49B0048680CD000E48DA /* InfoPlist.strings in Resources */,
			);
			runOnlyForDeploymentPostprocessing = 0;
		};
/* End PBXResourcesBuildPhase section */

/* Begin PBXRezBuildPhase section */
		8D5B49B5048680CD000E48DA /* Rez */ = {
			isa = PBXRezBuildPhase;
			buildActionMask = 2147483647;
			files = (
			);
			runOnlyForDeploymentPostprocessing = 0;
		};
/* End PBXRezBuildPhase section */

/* Begin PBXSourcesBuildPhase section */
		8D5B49B1048680CD000E48DA /* Sources */ = {
			isa = PBXSourcesBuildPhase;
			buildActionMask = 2147483647;
			files = (
				F5F91E311DE356B500206E32 /* BlandAltmanDataClass.m in Sources */,
				F582CF9B1DE2FF1400725ABA /* PlotViewerController.m in Sources */,
				F582CFA21DE336A500725ABA /* BlandAltmanFilter.m in Sources */,
			);
			runOnlyForDeploymentPostprocessing = 0;
		};
/* End PBXSourcesBuildPhase section */

/* Begin PBXVariantGroup section */
		089C167DFE841241C02AAC07 /* InfoPlist.strings */ = {
			isa = PBXVariantGroup;
			children = (
				089C167EFE841241C02AAC07 /* English */,
			);
			name = InfoPlist.strings;
			sourceTree = "<group>";
		};
/* End PBXVariantGroup section */

/* Begin XCBuildConfiguration section */
		CE6A9A9108AC841300D0C1EE /* Development */ = {
			isa = XCBuildConfiguration;
			buildSettings = {
				ARCHS = "$(ARCHS_STANDARD)";
				CLANG_ENABLE_OBJC_ARC = YES;
				COPY_PHASE_STRIP = NO;
				DEBUGGING_SYMBOLS = YES;
				FRAMEWORK_SEARCH_PATHS = (
					"$(inherited)",
					"\"$(SRCROOT)\"",
					"$(PROJECT_DIR)",
					"/Users/kwerys/Code/core-plot/build/Debug",
				);
				GCC_DYNAMIC_NO_PIC = NO;
				GCC_ENABLE_FIX_AND_CONTINUE = YES;
				GCC_ENABLE_TRIGRAPHS = NO;
				GCC_GENERATE_DEBUGGING_SYMBOLS = YES;
				GCC_OPTIMIZATION_LEVEL = 0;
				GCC_PRECOMPILE_PREFIX_HEADER = YES;
				GCC_PREFIX_HEADER = BlandAltman_Prefix.pch;
				GCC_WARN_FOUR_CHARACTER_CONSTANTS = NO;
				GCC_WARN_UNKNOWN_PRAGMAS = NO;
				HEADER_SEARCH_PATHS = "";
				INFOPLIST_FILE = Info.plist;
				INSTALL_PATH = "@executable_path/../Plug-ins";
				LD_RUNPATH_SEARCH_PATHS = "LD_RUNPATH_SEARCH_PATHS = @loader_path/../Frameworks";
				LIBRARY_SEARCH_PATHS = "";
				LIBRARY_STYLE = Bundle;
				MACOSX_DEPLOYMENT_TARGET = 10.8;
				OTHER_CFLAGS = "";
				OTHER_LDFLAGS = (
					"-undefined",
					dynamic_lookup,
				);
				OTHER_REZFLAGS = "";
				PRODUCT_NAME = BlandAltman;
				SECTORDER_FLAGS = "";
				WARNING_CFLAGS = (
					"-Wmost",
					"-Wno-four-char-constants",
					"-Wno-unknown-pragmas",
				);
				WRAPPER_EXTENSION = osirixplugin;
				ZERO_LINK = NO;
			};
			name = Development;
		};
		CE6A9A9208AC841300D0C1EE /* Deployment */ = {
			isa = XCBuildConfiguration;
			buildSettings = {
				ARCHS = "$(ARCHS_STANDARD)";
				CLANG_ENABLE_OBJC_ARC = YES;
				COPY_PHASE_STRIP = YES;
				FRAMEWORK_SEARCH_PATHS = (
					"$(inherited)",
					"\"$(SRCROOT)\"",
					"$(PROJECT_DIR)",
					"/Users/kwerys/Code/core-plot/build/Debug",
				);
				GCC_ENABLE_FIX_AND_CONTINUE = NO;
				GCC_ENABLE_TRIGRAPHS = NO;
				GCC_PRECOMPILE_PREFIX_HEADER = YES;
				GCC_PREFIX_HEADER = BlandAltman_Prefix.pch;
				GCC_WARN_FOUR_CHARACTER_CONSTANTS = NO;
				GCC_WARN_UNKNOWN_PRAGMAS = NO;
				HEADER_SEARCH_PATHS = "";
				INFOPLIST_FILE = Info.plist;
				INSTALL_PATH = "@executable_path/../Plug-ins";
				LD_RUNPATH_SEARCH_PATHS = "LD_RUNPATH_SEARCH_PATHS = @loader_path/../Frameworks";
				LIBRARY_SEARCH_PATHS = "";
				LIBRARY_STYLE = Bundle;
				MACOSX_DEPLOYMENT_TARGET = 10.8;
				OTHER_CFLAGS = "";
				OTHER_LDFLAGS = (
					"-undefined",
					dynamic_lookup,
				);
				OTHER_REZFLAGS = "";
				PRODUCT_NAME = BlandAltman;
				SECTORDER_FLAGS = "";
				WARNING_CFLAGS = (
					"-Wmost",
					"-Wno-four-char-constants",
					"-Wno-unknown-pragmas",
				);
				WRAPPER_EXTENSION = osirixplugin;
				ZERO_LINK = NO;
			};
			name = Deployment;
		};
		CE6A9A9508AC841300D0C1EE /* Development */ = {
			isa = XCBuildConfiguration;
			buildSettings = {
				ARCHS = "$(ARCHS_STANDARD)";
				MACOSX_DEPLOYMENT_TARGET = 10.9;
				SDKROOT = macosx;
			};
			name = Development;
		};
		CE6A9A9608AC841300D0C1EE /* Deployment */ = {
			isa = XCBuildConfiguration;
			buildSettings = {
				ARCHS = "$(ARCHS_STANDARD)";
				MACOSX_DEPLOYMENT_TARGET = 10.9;
				SDKROOT = macosx;
			};
			name = Deployment;
		};
/* End XCBuildConfiguration section */

/* Begin XCConfigurationList section */
		CE6A9A9008AC841300D0C1EE /* Build configuration list for PBXNativeTarget "BlandAltman" */ = {
			isa = XCConfigurationList;
			buildConfigurations = (
				CE6A9A9108AC841300D0C1EE /* Development */,
				CE6A9A9208AC841300D0C1EE /* Deployment */,
			);
			defaultConfigurationIsVisible = 0;
			defaultConfigurationName = Development;
		};
		CE6A9A9408AC841300D0C1EE /* Build configuration list for PBXProject "BlandAltman" */ = {
			isa = XCConfigurationList;
			buildConfigurations = (
				CE6A9A9508AC841300D0C1EE /* Development */,
				CE6A9A9608AC841300D0C1EE /* Deployment */,
			);
			defaultConfigurationIsVisible = 0;
			defaultConfigurationName = Development;
		};
/* End XCConfigurationList section */
	};
	rootObject = 089C1669FE841209C02AAC07 /* Project object */;
}
